
Microsoft Visual Studio Solution File, Format Version 12.00
# Visual Studio Version 16
VisualStudioVersion = 16.0.29411.108
MinimumVisualStudioVersion = 10.0.40219.1
Project("{FAE04EC0-301F-11D3-BF4B-00C04F79EFBC}") = "CountSample.UWP", "CountSample\CountSample.UWP\CountSample.UWP.csproj", "{ED3F071C-6524-4E9F-A26F-AA466BFDE244}"
EndProject
Project("{FAE04EC0-301F-11D3-BF4B-00C04F79EFBC}") = "CountSample.Android", "CountSample\CountSample.Android\CountSample.Android.csproj", "{1065C621-F1CE-4AE8-8573-DCD0B73350DF}"
EndProject
Project("{FAE04EC0-301F-11D3-BF4B-00C04F79EFBC}") = "CountSample.iOS", "CountSample\CountSample.iOS\CountSample.iOS.csproj", "{2375E96F-E3FF-490F-9137-B11A1535827F}"
EndProject
Project("{FAE04EC0-301F-11D3-BF4B-00C04F79EFBC}") = "CountSample", "CountSample\CountSample\CountSample.csproj", "{8DE15063-DBE2-4A18-9D48-EBA1FEB72744}"
EndProject
Global
	GlobalSection(SolutionConfigurationPlatforms) = preSolution
		Debug|Any CPU = Debug|Any CPU
		Debug|ARM = Debug|ARM
		Debug|iPhone = Debug|iPhone
		Debug|iPhoneSimulator = Debug|iPhoneSimulator
		Debug|x64 = Debug|x64
		Debug|x86 = Debug|x86
		Release|Any CPU = Release|Any CPU
		Release|ARM = Release|ARM
		Release|iPhone = Release|iPhone
		Release|iPhoneSimulator = Release|iPhoneSimulator
		Release|x64 = Release|x64
		Release|x86 = Release|x86
	EndGlobalSection
	GlobalSection(ProjectConfigurationPlatforms) = postSolution
		{ED3F071C-6524-4E9F-A26F-AA466BFDE244}.Debug|Any CPU.ActiveCfg = Debug|x86
		{ED3F071C-6524-4E9F-A26F-AA466BFDE244}.Debug|Any CPU.Build.0 = Debug|x86
		{ED3F071C-6524-4E9F-A26F-AA466BFDE244}.Debug|Any CPU.Deploy.0 = Debug|x86
		{ED3F071C-6524-4E9F-A26F-AA466BFDE244}.Debug|ARM.ActiveCfg = Debug|ARM
		{ED3F071C-6524-4E9F-A26F-AA466BFDE244}.Debug|ARM.Build.0 = Debug|ARM
		{ED3F071C-6524-4E9F-A26F-AA466BFDE244}.Debug|ARM.Deploy.0 = Debug|ARM
		{ED3F071C-6524-4E9F-A26F-AA466BFDE244}.Debug|iPhone.ActiveCfg = Debug|x86
		{ED3F071C-6524-4E9F-A26F-AA466BFDE244}.Debug|iPhone.Build.0 = Debug|x86
		{ED3F071C-6524-4E9F-A26F-AA466BFDE244}.Debug|iPhone.Deploy.0 = Debug|x86
		{ED3F071C-6524-4E9F-A26F-AA466BFDE244}.Debug|iPhoneSimulator.ActiveCfg = Debug|x86
		{ED3F071C-6524-4E9F-A26F-AA466BFDE244}.Debug|iPhoneSimulator.Build.0 = Debug|x86
		{ED3F071C-6524-4E9F-A26F-AA466BFDE244}.Debug|iPhoneSimulator.Deploy.0 = Debug|x86
		{ED3F071C-6524-4E9F-A26F-AA466BFDE244}.Debug|x64.ActiveCfg = Debug|x64
		{ED3F071C-6524-4E9F-A26F-AA466BFDE244}.Debug|x64.Build.0 = Debug|x64
		{ED3F071C-6524-4E9F-A26F-AA466BFDE244}.Debug|x64.Deploy.0 = Debug|x64
		{ED3F071C-6524-4E9F-A26F-AA466BFDE244}.Debug|x86.ActiveCfg = Debug|x86
		{ED3F071C-6524-4E9F-A26F-AA466BFDE244}.Debug|x86.Build.0 = Debug|x86
		{ED3F071C-6524-4E9F-A26F-AA466BFDE244}.Debug|x86.Deploy.0 = Debug|x86
		{ED3F071C-6524-4E9F-A26F-AA466BFDE244}.Release|Any CPU.ActiveCfg = Release|x86
		{ED3F071C-6524-4E9F-A26F-AA466BFDE244}.Release|Any CPU.Build.0 = Release|x86
		{ED3F071C-6524-4E9F-A26F-AA466BFDE244}.Release|Any CPU.Deploy.0 = Release|x86
		{ED3F071C-6524-4E9F-A26F-AA466BFDE244}.Release|ARM.ActiveCfg = Release|ARM
		{ED3F071C-6524-4E9F-A26F-AA466BFDE244}.Release|ARM.Build.0 = Release|ARM
		{ED3F071C-6524-4E9F-A26F-AA466BFDE244}.Release|ARM.Deploy.0 = Release|ARM
		{ED3F071C-6524-4E9F-A26F-AA466BFDE244}.Release|iPhone.ActiveCfg = Release|x86
		{ED3F071C-6524-4E9F-A26F-AA466BFDE244}.Release|iPhone.Build.0 = Release|x86
		{ED3F071C-6524-4E9F-A26F-AA466BFDE244}.Release|iPhone.Deploy.0 = Release|x86
		{ED3F071C-6524-4E9F-A26F-AA466BFDE244}.Release|iPhoneSimulator.ActiveCfg = Release|x86
		{ED3F071C-6524-4E9F-A26F-AA466BFDE244}.Release|iPhoneSimulator.Build.0 = Release|x86
		{ED3F071C-6524-4E9F-A26F-AA466BFDE244}.Release|iPhoneSimulator.Deploy.0 = Release|x86
		{ED3F071C-6524-4E9F-A26F-AA466BFDE244}.Release|x64.ActiveCfg = Release|x64
		{ED3F071C-6524-4E9F-A26F-AA466BFDE244}.Release|x64.Build.0 = Release|x64
		{ED3F071C-6524-4E9F-A26F-AA466BFDE244}.Release|x64.Deploy.0 = Release|x64
		{ED3F071C-6524-4E9F-A26F-AA466BFDE244}.Release|x86.ActiveCfg = Release|x86
		{ED3F071C-6524-4E9F-A26F-AA466BFDE244}.Release|x86.Build.0 = Release|x86
		{ED3F071C-6524-4E9F-A26F-AA466BFDE244}.Release|x86.Deploy.0 = Release|x86
		{1065C621-F1CE-4AE8-8573-DCD0B73350DF}.Debug|Any CPU.ActiveCfg = Debug|Any CPU
		{1065C621-F1CE-4AE8-8573-DCD0B73350DF}.Debug|Any CPU.Build.0 = Debug|Any CPU
		{1065C621-F1CE-4AE8-8573-DCD0B73350DF}.Debug|Any CPU.Deploy.0 = Debug|Any CPU
		{1065C621-F1CE-4AE8-8573-DCD0B73350DF}.Debug|ARM.ActiveCfg = Debug|Any CPU
		{1065C621-F1CE-4AE8-8573-DCD0B73350DF}.Debug|ARM.Build.0 = Debug|Any CPU
		{1065C621-F1CE-4AE8-8573-DCD0B73350DF}.Debug|ARM.Deploy.0 = Debug|Any CPU
		{1065C621-F1CE-4AE8-8573-DCD0B73350DF}.Debug|iPhone.ActiveCfg = Debug|Any CPU
		{1065C621-F1CE-4AE8-8573-DCD0B73350DF}.Debug|iPhone.Build.0 = Debug|Any CPU
		{1065C621-F1CE-4AE8-8573-DCD0B73350DF}.Debug|iPhone.Deploy.0 = Debug|Any CPU
		{1065C621-F1CE-4AE8-8573-DCD0B73350DF}.Debug|iPhoneSimulator.ActiveCfg = Debug|Any CPU
		{1065C621-F1CE-4AE8-8573-DCD0B73350DF}.Debug|iPhoneSimulator.Build.0 = Debug|Any CPU
		{1065C621-F1CE-4AE8-8573-DCD0B73350DF}.Debug|iPhoneSimulator.Deploy.0 = Debug|Any CPU
		{1065C621-F1CE-4AE8-8573-DCD0B73350DF}.Debug|x64.ActiveCfg = Debug|Any CPU
		{1065C621-F1CE-4AE8-8573-DCD0B73350DF}.Debug|x64.Build.0 = Debug|Any CPU
		{1065C621-F1CE-4AE8-8573-DCD0B73350DF}.Debug|x64.Deploy.0 = Debug|Any CPU
		{1065C621-F1CE-4AE8-8573-DCD0B73350DF}.Debug|x86.ActiveCfg = Debug|Any CPU
		{1065C621-F1CE-4AE8-8573-DCD0B73350DF}.Debug|x86.Build.0 = Debug|Any CPU
		{1065C621-F1CE-4AE8-8573-DCD0B73350DF}.Debug|x86.Deploy.0 = Debug|Any CPU
		{1065C621-F1CE-4AE8-8573-DCD0B73350DF}.Release|Any CPU.ActiveCfg = Release|Any CPU
		{1065C621-F1CE-4AE8-8573-DCD0B73350DF}.Release|Any CPU.Build.0 = Release|Any CPU
		{1065C621-F1CE-4AE8-8573-DCD0B73350DF}.Release|Any CPU.Deploy.0 = Release|Any CPU
		{1065C621-F1CE-4AE8-8573-DCD0B73350DF}.Release|ARM.ActiveCfg = Release|Any CPU
		{1065C621-F1CE-4AE8-8573-DCD0B73350DF}.Release|ARM.Build.0 = Release|Any CPU
		{1065C621-F1CE-4AE8-8573-DCD0B73350DF}.Release|ARM.Deploy.0 = Release|Any CPU
		{1065C621-F1CE-4AE8-8573-DCD0B73350DF}.Release|iPhone.ActiveCfg = Release|Any CPU
		{1065C621-F1CE-4AE8-8573-DCD0B73350DF}.Release|iPhone.Build.0 = Release|Any CPU
		{1065C621-F1CE-4AE8-8573-DCD0B73350DF}.Release|iPhone.Deploy.0 = Release|Any CPU
		{1065C621-F1CE-4AE8-8573-DCD0B73350DF}.Release|iPhoneSimulator.ActiveCfg = Release|Any CPU
		{1065C621-F1CE-4AE8-8573-DCD0B73350DF}.Release|iPhoneSimulator.Build.0 = Release|Any CPU
		{1065C621-F1CE-4AE8-8573-DCD0B73350DF}.Release|iPhoneSimulator.Deploy.0 = Release|Any CPU
		{1065C621-F1CE-4AE8-8573-DCD0B73350DF}.Release|x64.ActiveCfg = Release|Any CPU
		{1065C621-F1CE-4AE8-8573-DCD0B73350DF}.Release|x64.Build.0 = Release|Any CPU
		{1065C621-F1CE-4AE8-8573-DCD0B73350DF}.Release|x64.Deploy.0 = Release|Any CPU
		{1065C621-F1CE-4AE8-8573-DCD0B73350DF}.Release|x86.ActiveCfg = Release|Any CPU
		{1065C621-F1CE-4AE8-8573-DCD0B73350DF}.Release|x86.Build.0 = Release|Any CPU
		{1065C621-F1CE-4AE8-8573-DCD0B73350DF}.Release|x86.Deploy.0 = Release|Any CPU
		{2375E96F-E3FF-490F-9137-B11A1535827F}.Debug|Any CPU.ActiveCfg = Debug|iPhone
		{2375E96F-E3FF-490F-9137-B11A1535827F}.Debug|Any CPU.Build.0 = Debug|iPhone
		{2375E96F-E3FF-490F-9137-B11A1535827F}.Debug|Any CPU.Deploy.0 = Debug|iPhone
		{2375E96F-E3FF-490F-9137-B11A1535827F}.Debug|ARM.ActiveCfg = Debug|iPhoneSimulator
		{2375E96F-E3FF-490F-9137-B11A1535827F}.Debug|ARM.Build.0 = Debug|iPhoneSimulator
		{2375E96F-E3FF-490F-9137-B11A1535827F}.Debug|ARM.Deploy.0 = Debug|iPhoneSimulator
		{2375E96F-E3FF-490F-9137-B11A1535827F}.Debug|iPhone.ActiveCfg = Debug|iPhone
		{2375E96F-E3FF-490F-9137-B11A1535827F}.Debug|iPhone.Build.0 = Debug|iPhone
		{2375E96F-E3FF-490F-9137-B11A1535827F}.Debug|iPhone.Deploy.0 = Debug|iPhone
		{2375E96F-E3FF-490F-9137-B11A1535827F}.Debug|iPhoneSimulator.ActiveCfg = Debug|iPhoneSimulator
		{2375E96F-E3FF-490F-9137-B11A1535827F}.Debug|iPhoneSimulator.Build.0 = Debug|iPhoneSimulator
		{2375E96F-E3FF-490F-9137-B11A1535827F}.Debug|iPhoneSimulator.Deploy.0 = Debug|iPhoneSimulator
		{2375E96F-E3FF-490F-9137-B11A1535827F}.Debug|x64.ActiveCfg = Debug|iPhone
		{2375E96F-E3FF-490F-9137-B11A1535827F}.Debug|x64.Build.0 = Debug|iPhone
		{2375E96F-E3FF-490F-9137-B11A1535827F}.Debug|x64.Deploy.0 = Debug|iPhone
		{2375E96F-E3FF-490F-9137-B11A1535827F}.Debug|x86.ActiveCfg = Debug|iPhone
		{2375E96F-E3FF-490F-9137-B11A1535827F}.Debug|x86.Build.0 = Debug|iPhone
		{2375E96F-E3FF-490F-9137-B11A1535827F}.Debug|x86.Deploy.0 = Debug|iPhone
		{2375E96F-E3FF-490F-9137-B11A1535827F}.Release|Any CPU.ActiveCfg = Release|iPhone
		{2375E96F-E3FF-490F-9137-B11A1535827F}.Release|Any CPU.Build.0 = Release|iPhone
		{2375E96F-E3FF-490F-9137-B11A1535827F}.Release|Any CPU.Deploy.0 = Release|iPhone
		{2375E96F-E3FF-490F-9137-B11A1535827F}.Release|ARM.ActiveCfg = Release|iPhone
		{2375E96F-E3FF-490F-9137-B11A1535827F}.Release|ARM.Build.0 = Release|iPhone
		{2375E96F-E3FF-490F-9137-B11A1535827F}.Release|ARM.Deploy.0 = Release|iPhone
		{2375E96F-E3FF-490F-9137-B11A1535827F}.Release|iPhone.ActiveCfg = Release|iPhone
		{2375E96F-E3FF-490F-9137-B11A1535827F}.Release|iPhone.Build.0 = Release|iPhone
		{2375E96F-E3FF-490F-9137-B11A1535827F}.Release|iPhone.Deploy.0 = Release|iPhone
		{2375E96F-E3FF-490F-9137-B11A1535827F}.Release|iPhoneSimulator.ActiveCfg = Release|iPhoneSimulator
		{2375E96F-E3FF-490F-9137-B11A1535827F}.Release|iPhoneSimulator.Build.0 = Release|iPhoneSimulator
		{2375E96F-E3FF-490F-9137-B11A1535827F}.Release|iPhoneSimulator.Deploy.0 = Release|iPhoneSimulator
		{2375E96F-E3FF-490F-9137-B11A1535827F}.Release|x64.ActiveCfg = Release|iPhone
		{2375E96F-E3FF-490F-9137-B11A1535827F}.Release|x64.Build.0 = Release|iPhone
		{2375E96F-E3FF-490F-9137-B11A1535827F}.Release|x64.Deploy.0 = Release|iPhone
		{2375E96F-E3FF-490F-9137-B11A1535827F}.Release|x86.ActiveCfg = Release|iPhone
		{2375E96F-E3FF-490F-9137-B11A1535827F}.Release|x86.Build.0 = Release|iPhone
		{2375E96F-E3FF-490F-9137-B11A1535827F}.Release|x86.Deploy.0 = Release|iPhone
		{8DE15063-DBE2-4A18-9D48-EBA1FEB72744}.Debug|Any CPU.ActiveCfg = Debug|Any CPU
		{8DE15063-DBE2-4A18-9D48-EBA1FEB72744}.Debug|Any CPU.Build.0 = Debug|Any CPU
		{8DE15063-DBE2-4A18-9D48-EBA1FEB72744}.Debug|Any CPU.Deploy.0 = Debug|Any CPU
		{8DE15063-DBE2-4A18-9D48-EBA1FEB72744}.Debug|ARM.ActiveCfg = Debug|Any CPU
		{8DE15063-DBE2-4A18-9D48-EBA1FEB72744}.Debug|ARM.Build.0 = Debug|Any CPU
		{8DE15063-DBE2-4A18-9D48-EBA1FEB72744}.Debug|ARM.Deploy.0 = Debug|Any CPU
		{8DE15063-DBE2-4A18-9D48-EBA1FEB72744}.Debug|iPhone.ActiveCfg = Debug|Any CPU
		{8DE15063-DBE2-4A18-9D48-EBA1FEB72744}.Debug|iPhone.Build.0 = Debug|Any CPU
		{8DE15063-DBE2-4A18-9D48-EBA1FEB72744}.Debug|iPhone.Deploy.0 = Debug|Any CPU
		{8DE15063-DBE2-4A18-9D48-EBA1FEB72744}.Debug|iPhoneSimulator.ActiveCfg = Debug|Any CPU
		{8DE15063-DBE2-4A18-9D48-EBA1FEB72744}.Debug|iPhoneSimulator.Build.0 = Debug|Any CPU
		{8DE15063-DBE2-4A18-9D48-EBA1FEB72744}.Debug|iPhoneSimulator.Deploy.0 = Debug|Any CPU
		{8DE15063-DBE2-4A18-9D48-EBA1FEB72744}.Debug|x64.ActiveCfg = Debug|Any CPU
		{8DE15063-DBE2-4A18-9D48-EBA1FEB72744}.Debug|x64.Build.0 = Debug|Any CPU
		{8DE15063-DBE2-4A18-9D48-EBA1FEB72744}.Debug|x64.Deploy.0 = Debug|Any CPU
		{8DE15063-DBE2-4A18-9D48-EBA1FEB72744}.Debug|x86.ActiveCfg = Debug|Any CPU
		{8DE15063-DBE2-4A18-9D48-EBA1FEB72744}.Debug|x86.Build.0 = Debug|Any CPU
		{8DE15063-DBE2-4A18-9D48-EBA1FEB72744}.Debug|x86.Deploy.0 = Debug|Any CPU
		{8DE15063-DBE2-4A18-9D48-EBA1FEB72744}.Release|Any CPU.ActiveCfg = Release|Any CPU
		{8DE15063-DBE2-4A18-9D48-EBA1FEB72744}.Release|Any CPU.Build.0 = Release|Any CPU
		{8DE15063-DBE2-4A18-9D48-EBA1FEB72744}.Release|Any CPU.Deploy.0 = Release|Any CPU
		{8DE15063-DBE2-4A18-9D48-EBA1FEB72744}.Release|ARM.ActiveCfg = Release|Any CPU
		{8DE15063-DBE2-4A18-9D48-EBA1FEB72744}.Release|ARM.Build.0 = Release|Any CPU
		{8DE15063-DBE2-4A18-9D48-EBA1FEB72744}.Release|ARM.Deploy.0 = Release|Any CPU
		{8DE15063-DBE2-4A18-9D48-EBA1FEB72744}.Release|iPhone.ActiveCfg = Release|Any CPU
		{8DE15063-DBE2-4A18-9D48-EBA1FEB72744}.Release|iPhone.Build.0 = Release|Any CPU
		{8DE15063-DBE2-4A18-9D48-EBA1FEB72744}.Release|iPhone.Deploy.0 = Release|Any CPU
		{8DE15063-DBE2-4A18-9D48-EBA1FEB72744}.Release|iPhoneSimulator.ActiveCfg = Release|Any CPU
		{8DE15063-DBE2-4A18-9D48-EBA1FEB72744}.Release|iPhoneSimulator.Build.0 = Release|Any CPU
		{8DE15063-DBE2-4A18-9D48-EBA1FEB72744}.Release|iPhoneSimulator.Deploy.0 = Release|Any CPU
		{8DE15063-DBE2-4A18-9D48-EBA1FEB72744}.Release|x64.ActiveCfg = Release|Any CPU
		{8DE15063-DBE2-4A18-9D48-EBA1FEB72744}.Release|x64.Build.0 = Release|Any CPU
		{8DE15063-DBE2-4A18-9D48-EBA1FEB72744}.Release|x64.Deploy.0 = Release|Any CPU
		{8DE15063-DBE2-4A18-9D48-EBA1FEB72744}.Release|x86.ActiveCfg = Release|Any CPU
		{8DE15063-DBE2-4A18-9D48-EBA1FEB72744}.Release|x86.Build.0 = Release|Any CPU
		{8DE15063-DBE2-4A18-9D48-EBA1FEB72744}.Release|x86.Deploy.0 = Release|Any CPU
	EndGlobalSection
	GlobalSection(SolutionProperties) = preSolution
		HideSolutionNode = FALSE
	EndGlobalSection
	GlobalSection(ExtensibilityGlobals) = postSolution
		SolutionGuid = {C290EDCA-2582-4991-922A-A9BE809C6993}
	EndGlobalSection
EndGlobal
